{
  "version": 4,
  "terraform_version": "1.13.3",
  "serial": 15,
  "lineage": "1826da08-67dc-0ea3-5e66-bba3a0ce4f85",
  "outputs": {
    "ssh_command": {
      "value": "ssh -i C:/Users/amanp/.ssh/id_rsa.pub ec2-user@13.204.148.115",
      "type": "string"
    },
    "static_ip": {
      "value": "13.204.148.115",
      "type": "string"
    },
    "web_url": {
      "value": "http://13.204.148.115",
      "type": "string"
    }
  },
  "resources": [
    {
      "mode": "managed",
      "type": "aws_eip",
      "name": "app_eip",
      "provider": "provider[\"registry.terraform.io/hashicorp/aws\"]",
      "instances": [
        {
          "schema_version": 0,
          "attributes": {
            "address": null,
            "allocation_id": "eipalloc-062d72e229a43f06b",
            "arn": "arn:aws:ec2:ap-south-1:601559288497:elastic-ip/eipalloc-062d72e229a43f06b",
            "associate_with_private_ip": null,
            "association_id": "eipassoc-0a4c43c8f1c1484cc",
            "carrier_ip": "",
            "customer_owned_ip": "",
            "customer_owned_ipv4_pool": "",
            "domain": "vpc",
            "id": "eipalloc-062d72e229a43f06b",
            "instance": "i-0f91ca6c7efd58ece",
            "ipam_pool_id": null,
            "network_border_group": "ap-south-1",
            "network_interface": "eni-0a1762ba69a033d58",
            "private_dns": "ip-172-31-7-174.ap-south-1.compute.internal",
            "private_ip": "172.31.7.174",
            "ptr_record": "",
            "public_dns": "ec2-13-204-148-115.ap-south-1.compute.amazonaws.com",
            "public_ip": "13.204.148.115",
            "public_ipv4_pool": "amazon",
            "tags": {
              "Name": "ICU-model-EIP"
            },
            "tags_all": {
              "Name": "ICU-model-EIP"
            },
            "timeouts": null,
            "vpc": true
          },
          "sensitive_attributes": [],
          "identity_schema_version": 0,
          "private": "eyJlMmJmYjczMC1lY2FhLTExZTYtOGY4OC0zNDM2M2JjN2M0YzAiOnsiZGVsZXRlIjoxODAwMDAwMDAwMDAsInJlYWQiOjkwMDAwMDAwMDAwMCwidXBkYXRlIjozMDAwMDAwMDAwMDB9fQ==",
          "dependencies": [
            "aws_instance.app_server",
            "aws_key_pair.icu_key",
            "aws_security_group.app_sg"
          ]
        }
      ]
    },
    {
      "mode": "managed",
      "type": "aws_instance",
      "name": "app_server",
      "provider": "provider[\"registry.terraform.io/hashicorp/aws\"]",
      "instances": [
        {
          "schema_version": 1,
          "attributes": {
            "ami": "ami-02b8269d5e85954ef",
            "arn": "arn:aws:ec2:ap-south-1:601559288497:instance/i-0f91ca6c7efd58ece",
            "associate_public_ip_address": true,
            "availability_zone": "ap-south-1b",
            "capacity_reservation_specification": [
              {
                "capacity_reservation_preference": "open",
                "capacity_reservation_target": []
              }
            ],
            "cpu_core_count": 1,
            "cpu_options": [
              {
                "amd_sev_snp": "",
                "core_count": 1,
                "threads_per_core": 2
              }
            ],
            "cpu_threads_per_core": 2,
            "credit_specification": [
              {
                "cpu_credits": "unlimited"
              }
            ],
            "disable_api_stop": false,
            "disable_api_termination": false,
            "ebs_block_device": [],
            "ebs_optimized": false,
            "enable_primary_ipv6": null,
            "enclave_options": [
              {
                "enabled": false
              }
            ],
            "ephemeral_block_device": [],
            "get_password_data": false,
            "hibernation": false,
            "host_id": "",
            "host_resource_group_arn": null,
            "iam_instance_profile": "",
            "id": "i-0f91ca6c7efd58ece",
            "instance_initiated_shutdown_behavior": "stop",
            "instance_lifecycle": "",
            "instance_market_options": [],
            "instance_state": "running",
            "instance_type": "t3.micro",
            "ipv6_address_count": 0,
            "ipv6_addresses": [],
            "key_name": "icu-model-key",
            "launch_template": [],
            "maintenance_options": [
              {
                "auto_recovery": "default"
              }
            ],
            "metadata_options": [
              {
                "http_endpoint": "enabled",
                "http_protocol_ipv6": "disabled",
                "http_put_response_hop_limit": 2,
                "http_tokens": "required",
                "instance_metadata_tags": "disabled"
              }
            ],
            "monitoring": false,
            "network_interface": [],
            "outpost_arn": "",
            "password_data": "",
            "placement_group": "",
            "placement_partition_number": 0,
            "primary_network_interface_id": "eni-0a1762ba69a033d58",
            "private_dns": "ip-172-31-7-174.ap-south-1.compute.internal",
            "private_dns_name_options": [
              {
                "enable_resource_name_dns_a_record": false,
                "enable_resource_name_dns_aaaa_record": false,
                "hostname_type": "ip-name"
              }
            ],
            "private_ip": "172.31.7.174",
            "public_dns": "ec2-65-1-110-218.ap-south-1.compute.amazonaws.com",
            "public_ip": "65.1.110.218",
            "root_block_device": [
              {
                "delete_on_termination": true,
                "device_name": "/dev/sda1",
                "encrypted": false,
                "iops": 3000,
                "kms_key_id": "",
                "tags": {},
                "tags_all": {},
                "throughput": 125,
                "volume_id": "vol-0a03fad1d2598387a",
                "volume_size": 8,
                "volume_type": "gp3"
              }
            ],
            "secondary_private_ips": [],
            "security_groups": [
              "icu-model-sg"
            ],
            "source_dest_check": true,
            "spot_instance_request_id": "",
            "subnet_id": "subnet-00b96f9bc383d1461",
            "tags": {
              "Name": "AI-ICU-Monitoring"
            },
            "tags_all": {
              "Name": "AI-ICU-Monitoring"
            },
            "tenancy": "default",
            "timeouts": null,
            "user_data": "33549430459d9d28f98267c1926c09a377c0efe0",
            "user_data_base64": null,
            "user_data_replace_on_change": false,
            "volume_tags": null,
            "vpc_security_group_ids": [
              "sg-0a87eadec94342857"
            ]
          },
          "sensitive_attributes": [],
          "identity_schema_version": 0,
          "private": "eyJlMmJmYjczMC1lY2FhLTExZTYtOGY4OC0zNDM2M2JjN2M0YzAiOnsiY3JlYXRlIjo2MDAwMDAwMDAwMDAsImRlbGV0ZSI6MTIwMDAwMDAwMDAwMCwicmVhZCI6OTAwMDAwMDAwMDAwLCJ1cGRhdGUiOjYwMDAwMDAwMDAwMH0sInNjaGVtYV92ZXJzaW9uIjoiMSJ9",
          "dependencies": [
            "aws_key_pair.icu_key",
            "aws_security_group.app_sg"
          ]
        }
      ]
    },
    {
      "mode": "managed",
      "type": "aws_key_pair",
      "name": "icu_key",
      "provider": "provider[\"registry.terraform.io/hashicorp/aws\"]",
      "instances": [
        {
          "schema_version": 1,
          "attributes": {
            "arn": "arn:aws:ec2:ap-south-1:601559288497:key-pair/icu-model-key",
            "fingerprint": "d2:9b:b6:80:06:3c:f3:4e:81:5a:0c:72:c9:14:13:50",
            "id": "icu-model-key",
            "key_name": "icu-model-key",
            "key_name_prefix": "",
            "key_pair_id": "key-0ce92235cef2306a2",
            "key_type": "rsa",
            "public_key": "ssh-rsa AAAAB3NzaC1yc2EAAAADAQABAAACAQCmASZOsZdI3S8+XGLkrPJTnssiZjn9inAmN3RWr24VZj32wbJr6WNmvx9VGEsaUEwv5gbuQsBepZy/9tDuX1rQlZprCdLl3NGvufSeVNfQYvlTvJgFo4QPOYi8PaRdmTErqLR+EuEEPiOUK2YlYdHEVGOqkNUkVKz8lGBSvS1mBB/ri6wLzNyZypqzdyFyp/4lzOOD0atp0vUv5Fb6UVOn7XVFBMH5zFgm8c6uh4PaV7wpWeM7g1j5b36fNGCb+JZEZwcUA8yGVhheatzTz7WMtkrkfJ5O1dMlarDKNEKKNkmwV15xwYflz+vk1bTqTAa/aDr+c4CMGE+ubHDGjzNu0T1Vs01KlRTKbUh58zp39Hak8WMsVhK2wO+AffiR840Y8jQG42A+orEnSBVikvvHs44yO7ZSJi1y377WTjSryTVJINxbkB4KEpr9Ms3D5VxyJAfiHQKonS+Kh37PxePHEcMSa7M4YHKawueG4SvCmkzSpi+tYvK3E3EoUr58/qJbxAJHegCDUiYW2nGOyTT5PWN/TK0DXl8v9+W0Z2+y/vLjlHUjOE1YKVxvIcYLhn7O9UTv00FY+oh3k8Vekribo8PKOY1+dxIRZ66fqiL5O5QhUvTZ9HWcZ3K6sLMdR7ak318IOrWksp5/IbcIKsKS0Ymr7TWAeU92Q2wbHUq8qQ== amanp@MSI",
            "tags": {},
            "tags_all": {}
          },
          "sensitive_attributes": [],
          "identity_schema_version": 0,
          "private": "eyJzY2hlbWFfdmVyc2lvbiI6IjEifQ=="
        }
      ]
    },
    {
      "mode": "managed",
      "type": "aws_security_group",
      "name": "app_sg",
      "provider": "provider[\"registry.terraform.io/hashicorp/aws\"]",
      "instances": [
        {
          "schema_version": 1,
          "attributes": {
            "arn": "arn:aws:ec2:ap-south-1:601559288497:security-group/sg-0a87eadec94342857",
            "description": "Allow HTTP and SSH access",
            "egress": [
              {
                "cidr_blocks": [
                  "0.0.0.0/0"
                ],
                "description": "",
                "from_port": 0,
                "ipv6_cidr_blocks": [],
                "prefix_list_ids": [],
                "protocol": "-1",
                "security_groups": [],
                "self": false,
                "to_port": 0
              }
            ],
            "id": "sg-0a87eadec94342857",
            "ingress": [
              {
                "cidr_blocks": [
                  "0.0.0.0/0"
                ],
                "description": "HTTP access",
                "from_port": 80,
                "ipv6_cidr_blocks": [],
                "prefix_list_ids": [],
                "protocol": "tcp",
                "security_groups": [],
                "self": false,
                "to_port": 80
              },
              {
                "cidr_blocks": [
                  "0.0.0.0/0"
                ],
                "description": "SSH access",
                "from_port": 22,
                "ipv6_cidr_blocks": [],
                "prefix_list_ids": [],
                "protocol": "tcp",
                "security_groups": [],
                "self": false,
                "to_port": 22
              }
            ],
            "name": "icu-model-sg",
            "name_prefix": "",
            "owner_id": "601559288497",
            "revoke_rules_on_delete": false,
            "tags": {},
            "tags_all": {},
            "timeouts": null,
            "vpc_id": "vpc-095acdede49deda3e"
          },
          "sensitive_attributes": [],
          "identity_schema_version": 0,
          "private": "eyJlMmJmYjczMC1lY2FhLTExZTYtOGY4OC0zNDM2M2JjN2M0YzAiOnsiY3JlYXRlIjo2MDAwMDAwMDAwMDAsImRlbGV0ZSI6OTAwMDAwMDAwMDAwfSwic2NoZW1hX3ZlcnNpb24iOiIxIn0="
        }
      ]
    }
  ],
  "check_results": null
}
