{
  "version": 4,
  "terraform_version": "1.13.3",
  "serial": 12,
  "lineage": "1826da08-67dc-0ea3-5e66-bba3a0ce4f85",
  "outputs": {},
  "resources": [
    {
      "mode": "managed",
      "type": "aws_key_pair",
      "name": "icu_key",
      "provider": "provider[\"registry.terraform.io/hashicorp/aws\"]",
      "instances": [
        {
          "schema_version": 1,
          "attributes": {
            "arn": "arn:aws:ec2:ap-south-1:601559288497:key-pair/icu-model-key",
            "fingerprint": "d2:9b:b6:80:06:3c:f3:4e:81:5a:0c:72:c9:14:13:50",
            "id": "icu-model-key",
            "key_name": "icu-model-key",
            "key_name_prefix": "",
            "key_pair_id": "key-0ce92235cef2306a2",
            "key_type": "rsa",
            "public_key": "ssh-rsa AAAAB3NzaC1yc2EAAAADAQABAAACAQCmASZOsZdI3S8+XGLkrPJTnssiZjn9inAmN3RWr24VZj32wbJr6WNmvx9VGEsaUEwv5gbuQsBepZy/9tDuX1rQlZprCdLl3NGvufSeVNfQYvlTvJgFo4QPOYi8PaRdmTErqLR+EuEEPiOUK2YlYdHEVGOqkNUkVKz8lGBSvS1mBB/ri6wLzNyZypqzdyFyp/4lzOOD0atp0vUv5Fb6UVOn7XVFBMH5zFgm8c6uh4PaV7wpWeM7g1j5b36fNGCb+JZEZwcUA8yGVhheatzTz7WMtkrkfJ5O1dMlarDKNEKKNkmwV15xwYflz+vk1bTqTAa/aDr+c4CMGE+ubHDGjzNu0T1Vs01KlRTKbUh58zp39Hak8WMsVhK2wO+AffiR840Y8jQG42A+orEnSBVikvvHs44yO7ZSJi1y377WTjSryTVJINxbkB4KEpr9Ms3D5VxyJAfiHQKonS+Kh37PxePHEcMSa7M4YHKawueG4SvCmkzSpi+tYvK3E3EoUr58/qJbxAJHegCDUiYW2nGOyTT5PWN/TK0DXl8v9+W0Z2+y/vLjlHUjOE1YKVxvIcYLhn7O9UTv00FY+oh3k8Vekribo8PKOY1+dxIRZ66fqiL5O5QhUvTZ9HWcZ3K6sLMdR7ak318IOrWksp5/IbcIKsKS0Ymr7TWAeU92Q2wbHUq8qQ== amanp@MSI",
            "tags": {},
            "tags_all": {}
          },
          "sensitive_attributes": [],
          "identity_schema_version": 0,
          "private": "eyJzY2hlbWFfdmVyc2lvbiI6IjEifQ=="
        }
      ]
    },
    {
      "mode": "managed",
      "type": "aws_security_group",
      "name": "app_sg",
      "provider": "provider[\"registry.terraform.io/hashicorp/aws\"]",
      "instances": [
        {
          "schema_version": 1,
          "attributes": {
            "arn": "arn:aws:ec2:ap-south-1:601559288497:security-group/sg-0a87eadec94342857",
            "description": "Allow HTTP and SSH access",
            "egress": [
              {
                "cidr_blocks": [
                  "0.0.0.0/0"
                ],
                "description": "",
                "from_port": 0,
                "ipv6_cidr_blocks": [],
                "prefix_list_ids": [],
                "protocol": "-1",
                "security_groups": [],
                "self": false,
                "to_port": 0
              }
            ],
            "id": "sg-0a87eadec94342857",
            "ingress": [
              {
                "cidr_blocks": [
                  "0.0.0.0/0"
                ],
                "description": "HTTP access",
                "from_port": 80,
                "ipv6_cidr_blocks": [],
                "prefix_list_ids": [],
                "protocol": "tcp",
                "security_groups": [],
                "self": false,
                "to_port": 80
              },
              {
                "cidr_blocks": [
                  "0.0.0.0/0"
                ],
                "description": "SSH access",
                "from_port": 22,
                "ipv6_cidr_blocks": [],
                "prefix_list_ids": [],
                "protocol": "tcp",
                "security_groups": [],
                "self": false,
                "to_port": 22
              }
            ],
            "name": "icu-model-sg",
            "name_prefix": "",
            "owner_id": "601559288497",
            "revoke_rules_on_delete": false,
            "tags": {},
            "tags_all": {},
            "timeouts": null,
            "vpc_id": "vpc-095acdede49deda3e"
          },
          "sensitive_attributes": [],
          "identity_schema_version": 0,
          "private": "eyJlMmJmYjczMC1lY2FhLTExZTYtOGY4OC0zNDM2M2JjN2M0YzAiOnsiY3JlYXRlIjo2MDAwMDAwMDAwMDAsImRlbGV0ZSI6OTAwMDAwMDAwMDAwfSwic2NoZW1hX3ZlcnNpb24iOiIxIn0="
        }
      ]
    }
  ],
  "check_results": null
}
